
Microsoft Visual Studio Solution File, Format Version 12.00
# Visual Studio Version 17
VisualStudioVersion = 17.8.34330.188
MinimumVisualStudioVersion = 10.0.40219.1
Project("{FAE04EC0-301F-11D3-BF4B-00C04F79EFBC}") = "AprendendoWindowsForms", "AprendendoWindowsForms\AprendendoWindowsForms.csproj", "{65145B06-18C2-459A-ACC8-AE30A6C2967B}"
EndProject
Global
	GlobalSection(SolutionConfigurationPlatforms) = preSolution
		Debug|Any CPU = Debug|Any CPU
		Release|Any CPU = Release|Any CPU
	EndGlobalSection
	GlobalSection(ProjectConfigurationPlatforms) = postSolution
		{65145B06-18C2-459A-ACC8-AE30A6C2967B}.Debug|Any CPU.ActiveCfg = Debug|Any CPU
		{65145B06-18C2-459A-ACC8-AE30A6C2967B}.Debug|Any CPU.Build.0 = Debug|Any CPU
		{65145B06-18C2-459A-ACC8-AE30A6C2967B}.Release|Any CPU.ActiveCfg = Release|Any CPU
		{65145B06-18C2-459A-ACC8-AE30A6C2967B}.Release|Any CPU.Build.0 = Release|Any CPU
	EndGlobalSection
	GlobalSection(SolutionProperties) = preSolution
		HideSolutionNode = FALSE
	EndGlobalSection
	GlobalSection(ExtensibilityGlobals) = postSolution
		SolutionGuid = {89AF21F9-8091-4424-9EA9-63C4FDAA6269}
	EndGlobalSection
EndGlobal
